
Microsoft Visual Studio Solution File, Format Version 12.00
# Visual Studio Version 17
VisualStudioVersion = 17.14.36310.24
MinimumVisualStudioVersion = 10.0.40219.1
Project("{FAE04EC0-301F-11D3-BF4B-00C04F79EFBC}") = "Caprim.API.Stellar", "Caprim.API.Stellar.csproj", "{B9EE06C0-B881-49DB-A0CC-659596D24870}"
EndProject
Project("{FAE04EC0-301F-11D3-BF4B-00C04F79EFBC}") = "Caprim.Console", "..\Caprim.Console\Caprim.Console.csproj", "{4562766E-7F9D-4EDC-9D50-0EDC52CA11D7}"
EndProject
Project("{FAE04EC0-301F-11D3-BF4B-00C04F79EFBC}") = "Caprim.API.Serverless", "..\Caprim.API.Serverless\Caprim.API.Serverless.csproj", "{EB0C9623-7231-6F76-CD5B-1CCDAC0E8BEB}"
EndProject
Project("{FAE04EC0-301F-11D3-BF4B-00C04F79EFBC}") = "Caprim.API.Serverless.Tests", "..\Caprim.API.Serverless.Tests\Caprim.API.Serverless.Tests.csproj", "{FCEC6BDE-F412-F57E-52FC-C13F8C5EC5F9}"
EndProject
Project("{FAE04EC0-301F-11D3-BF4B-00C04F79EFBC}") = "Caprim.API.Models", "..\Caprim.API.Models\Caprim.API.Models.csproj", "{E9D28A83-453A-4C2D-866B-C0FF1A43B9DC}"
EndProject
Project("{2150E333-8FDC-42A3-9474-1A3956D46DE8}") = "Librarys", "Librarys", "{02EA681E-C7D8-13C7-8484-4AC65E1B71E8}"
EndProject
Project("{FAE04EC0-301F-11D3-BF4B-00C04F79EFBC}") = "Caprim.API.Services", "..\Caprim.API.Services\Caprim.API.Services.csproj", "{F2EBF9C1-862B-4923-81E2-FBA5E2A57BA5}"
EndProject
Project("{FAE04EC0-301F-11D3-BF4B-00C04F79EFBC}") = "Caprim.API.Dtos", "..\Caprim.API.Dtos\Caprim.API.Dtos.csproj", "{63EB157D-1DA3-4733-B678-71D4919DB1BA}"
EndProject
Global
	GlobalSection(SolutionConfigurationPlatforms) = preSolution
		Debug|Any CPU = Debug|Any CPU
		Release|Any CPU = Release|Any CPU
	EndGlobalSection
	GlobalSection(ProjectConfigurationPlatforms) = postSolution
		{B9EE06C0-B881-49DB-A0CC-659596D24870}.Debug|Any CPU.ActiveCfg = Debug|Any CPU
		{B9EE06C0-B881-49DB-A0CC-659596D24870}.Debug|Any CPU.Build.0 = Debug|Any CPU
		{B9EE06C0-B881-49DB-A0CC-659596D24870}.Release|Any CPU.ActiveCfg = Release|Any CPU
		{B9EE06C0-B881-49DB-A0CC-659596D24870}.Release|Any CPU.Build.0 = Release|Any CPU
		{4562766E-7F9D-4EDC-9D50-0EDC52CA11D7}.Debug|Any CPU.ActiveCfg = Debug|Any CPU
		{4562766E-7F9D-4EDC-9D50-0EDC52CA11D7}.Debug|Any CPU.Build.0 = Debug|Any CPU
		{4562766E-7F9D-4EDC-9D50-0EDC52CA11D7}.Release|Any CPU.ActiveCfg = Release|Any CPU
		{4562766E-7F9D-4EDC-9D50-0EDC52CA11D7}.Release|Any CPU.Build.0 = Release|Any CPU
		{EB0C9623-7231-6F76-CD5B-1CCDAC0E8BEB}.Debug|Any CPU.ActiveCfg = Debug|Any CPU
		{EB0C9623-7231-6F76-CD5B-1CCDAC0E8BEB}.Debug|Any CPU.Build.0 = Debug|Any CPU
		{EB0C9623-7231-6F76-CD5B-1CCDAC0E8BEB}.Release|Any CPU.ActiveCfg = Release|Any CPU
		{EB0C9623-7231-6F76-CD5B-1CCDAC0E8BEB}.Release|Any CPU.Build.0 = Release|Any CPU
		{FCEC6BDE-F412-F57E-52FC-C13F8C5EC5F9}.Debug|Any CPU.ActiveCfg = Debug|Any CPU
		{FCEC6BDE-F412-F57E-52FC-C13F8C5EC5F9}.Debug|Any CPU.Build.0 = Debug|Any CPU
		{FCEC6BDE-F412-F57E-52FC-C13F8C5EC5F9}.Release|Any CPU.ActiveCfg = Release|Any CPU
		{FCEC6BDE-F412-F57E-52FC-C13F8C5EC5F9}.Release|Any CPU.Build.0 = Release|Any CPU
		{E9D28A83-453A-4C2D-866B-C0FF1A43B9DC}.Debug|Any CPU.ActiveCfg = Debug|Any CPU
		{E9D28A83-453A-4C2D-866B-C0FF1A43B9DC}.Debug|Any CPU.Build.0 = Debug|Any CPU
		{E9D28A83-453A-4C2D-866B-C0FF1A43B9DC}.Release|Any CPU.ActiveCfg = Release|Any CPU
		{E9D28A83-453A-4C2D-866B-C0FF1A43B9DC}.Release|Any CPU.Build.0 = Release|Any CPU
		{F2EBF9C1-862B-4923-81E2-FBA5E2A57BA5}.Debug|Any CPU.ActiveCfg = Debug|Any CPU
		{F2EBF9C1-862B-4923-81E2-FBA5E2A57BA5}.Debug|Any CPU.Build.0 = Debug|Any CPU
		{F2EBF9C1-862B-4923-81E2-FBA5E2A57BA5}.Release|Any CPU.ActiveCfg = Release|Any CPU
		{F2EBF9C1-862B-4923-81E2-FBA5E2A57BA5}.Release|Any CPU.Build.0 = Release|Any CPU
		{63EB157D-1DA3-4733-B678-71D4919DB1BA}.Debug|Any CPU.ActiveCfg = Debug|Any CPU
		{63EB157D-1DA3-4733-B678-71D4919DB1BA}.Debug|Any CPU.Build.0 = Debug|Any CPU
		{63EB157D-1DA3-4733-B678-71D4919DB1BA}.Release|Any CPU.ActiveCfg = Release|Any CPU
		{63EB157D-1DA3-4733-B678-71D4919DB1BA}.Release|Any CPU.Build.0 = Release|Any CPU
	EndGlobalSection
	GlobalSection(SolutionProperties) = preSolution
		HideSolutionNode = FALSE
	EndGlobalSection
	GlobalSection(NestedProjects) = preSolution
		{E9D28A83-453A-4C2D-866B-C0FF1A43B9DC} = {02EA681E-C7D8-13C7-8484-4AC65E1B71E8}
		{F2EBF9C1-862B-4923-81E2-FBA5E2A57BA5} = {02EA681E-C7D8-13C7-8484-4AC65E1B71E8}
		{63EB157D-1DA3-4733-B678-71D4919DB1BA} = {02EA681E-C7D8-13C7-8484-4AC65E1B71E8}
	EndGlobalSection
	GlobalSection(ExtensibilityGlobals) = postSolution
		SolutionGuid = {7BF9A994-F4D3-41EF-B575-99297F15FF22}
	EndGlobalSection
EndGlobal
